
Microsoft Visual Studio Solution File, Format Version 12.00
# Visual Studio Version 17
VisualStudioVersion = 17.13.35931.197 d17.13
MinimumVisualStudioVersion = 10.0.40219.1
Project("{8BC9CEB8-8B4A-11D0-8D11-00A0C91BC942}") = "2025-4-20", "2025-4-20\2025-4-20.vcxproj", "{F3430843-67AD-4F50-BA8F-0FBE99AC0C39}"
EndProject
Global
	GlobalSection(SolutionConfigurationPlatforms) = preSolution
		Debug|x64 = Debug|x64
		Debug|x86 = Debug|x86
		Release|x64 = Release|x64
		Release|x86 = Release|x86
	EndGlobalSection
	GlobalSection(ProjectConfigurationPlatforms) = postSolution
		{F3430843-67AD-4F50-BA8F-0FBE99AC0C39}.Debug|x64.ActiveCfg = Debug|x64
		{F3430843-67AD-4F50-BA8F-0FBE99AC0C39}.Debug|x64.Build.0 = Debug|x64
		{F3430843-67AD-4F50-BA8F-0FBE99AC0C39}.Debug|x86.ActiveCfg = Debug|Win32
		{F3430843-67AD-4F50-BA8F-0FBE99AC0C39}.Debug|x86.Build.0 = Debug|Win32
		{F3430843-67AD-4F50-BA8F-0FBE99AC0C39}.Release|x64.ActiveCfg = Release|x64
		{F3430843-67AD-4F50-BA8F-0FBE99AC0C39}.Release|x64.Build.0 = Release|x64
		{F3430843-67AD-4F50-BA8F-0FBE99AC0C39}.Release|x86.ActiveCfg = Release|Win32
		{F3430843-67AD-4F50-BA8F-0FBE99AC0C39}.Release|x86.Build.0 = Release|Win32
	EndGlobalSection
	GlobalSection(SolutionProperties) = preSolution
		HideSolutionNode = FALSE
	EndGlobalSection
	GlobalSection(ExtensibilityGlobals) = postSolution
		SolutionGuid = {0BE18748-E78C-447C-B609-3C4A4BD89B73}
	EndGlobalSection
EndGlobal
